
Microsoft Visual Studio Solution File, Format Version 10.00
# Visual Studio 2008
Project("{FAE04EC0-301F-11D3-BF4B-00C04F79EFBC}") = "SCOOP", "SCOOP\SCOOP.csproj", "{6380FA60-C85F-4069-A5EB-5D17F43287F5}"
EndProject
Project("{FAE04EC0-301F-11D3-BF4B-00C04F79EFBC}") = "Orca08", "Orca08\Orca08.csproj", "{E92FB587-5421-4EF0-8B5B-A0DC37BC7345}"
EndProject
Global
	GlobalSection(SolutionConfigurationPlatforms) = preSolution
		Debug|Any CPU = Debug|Any CPU
		Debug|Mixed Platforms = Debug|Mixed Platforms
		Debug|x86 = Debug|x86
		Release|Any CPU = Release|Any CPU
		Release|Mixed Platforms = Release|Mixed Platforms
		Release|x86 = Release|x86
	EndGlobalSection
	GlobalSection(ProjectConfigurationPlatforms) = postSolution
		{6380FA60-C85F-4069-A5EB-5D17F43287F5}.Debug|Any CPU.ActiveCfg = Debug|Any CPU
		{6380FA60-C85F-4069-A5EB-5D17F43287F5}.Debug|Any CPU.Build.0 = Debug|Any CPU
		{6380FA60-C85F-4069-A5EB-5D17F43287F5}.Debug|Mixed Platforms.ActiveCfg = Debug|Any CPU
		{6380FA60-C85F-4069-A5EB-5D17F43287F5}.Debug|Mixed Platforms.Build.0 = Debug|Any CPU
		{6380FA60-C85F-4069-A5EB-5D17F43287F5}.Debug|x86.ActiveCfg = Debug|Any CPU
		{6380FA60-C85F-4069-A5EB-5D17F43287F5}.Release|Any CPU.ActiveCfg = Release|Any CPU
		{6380FA60-C85F-4069-A5EB-5D17F43287F5}.Release|Any CPU.Build.0 = Release|Any CPU
		{6380FA60-C85F-4069-A5EB-5D17F43287F5}.Release|Mixed Platforms.ActiveCfg = Release|Any CPU
		{6380FA60-C85F-4069-A5EB-5D17F43287F5}.Release|Mixed Platforms.Build.0 = Release|Any CPU
		{6380FA60-C85F-4069-A5EB-5D17F43287F5}.Release|x86.ActiveCfg = Release|Any CPU
		{E92FB587-5421-4EF0-8B5B-A0DC37BC7345}.Debug|Any CPU.ActiveCfg = Debug|Any CPU
		{E92FB587-5421-4EF0-8B5B-A0DC37BC7345}.Debug|Any CPU.Build.0 = Debug|Any CPU
		{E92FB587-5421-4EF0-8B5B-A0DC37BC7345}.Debug|Mixed Platforms.ActiveCfg = Debug|Any CPU
		{E92FB587-5421-4EF0-8B5B-A0DC37BC7345}.Debug|Mixed Platforms.Build.0 = Debug|Any CPU
		{E92FB587-5421-4EF0-8B5B-A0DC37BC7345}.Debug|x86.ActiveCfg = Debug|Any CPU
		{E92FB587-5421-4EF0-8B5B-A0DC37BC7345}.Release|Any CPU.ActiveCfg = Release|Any CPU
		{E92FB587-5421-4EF0-8B5B-A0DC37BC7345}.Release|Any CPU.Build.0 = Release|Any CPU
		{E92FB587-5421-4EF0-8B5B-A0DC37BC7345}.Release|Mixed Platforms.ActiveCfg = Release|Any CPU
		{E92FB587-5421-4EF0-8B5B-A0DC37BC7345}.Release|Mixed Platforms.Build.0 = Release|Any CPU
		{E92FB587-5421-4EF0-8B5B-A0DC37BC7345}.Release|x86.ActiveCfg = Release|Any CPU
	EndGlobalSection
	GlobalSection(SolutionProperties) = preSolution
		HideSolutionNode = FALSE
	EndGlobalSection
EndGlobal
